// !$*UTF8*$!
{
	archiveVersion = 1;
	classes = {
	};
	objectVersion = 55;
	objects = {

/* Begin PBXBuildFile section */
		9F055BB428FEBCB20088D53B /* AppDelegate.swift in Sources */ = {isa = PBXBuildFile; fileRef = 9F055BB328FEBCB20088D53B /* AppDelegate.swift */; };
		9F055BB628FEBCB20088D53B /* SceneDelegate.swift in Sources */ = {isa = PBXBuildFile; fileRef = 9F055BB528FEBCB20088D53B /* SceneDelegate.swift */; };
		9F055BBD28FEBCB30088D53B /* Assets.xcassets in Resources */ = {isa = PBXBuildFile; fileRef = 9F055BBC28FEBCB30088D53B /* Assets.xcassets */; };
		9F055BC028FEBCB30088D53B /* LaunchScreen.storyboard in Resources */ = {isa = PBXBuildFile; fileRef = 9F055BBE28FEBCB30088D53B /* LaunchScreen.storyboard */; };
		9F055BC828FEBDA80088D53B /* MainTabBarController.swift in Sources */ = {isa = PBXBuildFile; fileRef = 9F055BC728FEBDA80088D53B /* MainTabBarController.swift */; };
		9F055BCB28FEBF240088D53B /* Extensions.swift in Sources */ = {isa = PBXBuildFile; fileRef = 9F055BCA28FEBF240088D53B /* Extensions.swift */; };
		9F055BCD28FEBFF50088D53B /* StocksViewController.swift in Sources */ = {isa = PBXBuildFile; fileRef = 9F055BCC28FEBFF50088D53B /* StocksViewController.swift */; };
		9F055BCF28FEC0020088D53B /* StocksViewController.storyboard in Resources */ = {isa = PBXBuildFile; fileRef = 9F055BCE28FEC0020088D53B /* StocksViewController.storyboard */; };
		9F055BD128FEC04A0088D53B /* FavoriteViewController.swift in Sources */ = {isa = PBXBuildFile; fileRef = 9F055BD028FEC04A0088D53B /* FavoriteViewController.swift */; };
		9F055BD328FEC0840088D53B /* FavoriteViewController.storyboard in Resources */ = {isa = PBXBuildFile; fileRef = 9F055BD228FEC0840088D53B /* FavoriteViewController.storyboard */; };
		9F055BD628FEC5B40088D53B /* StockCell.swift in Sources */ = {isa = PBXBuildFile; fileRef = 9F055BD428FEC5B40088D53B /* StockCell.swift */; };
		9F055BD728FEC5B40088D53B /* StockCell.xib in Resources */ = {isa = PBXBuildFile; fileRef = 9F055BD528FEC5B40088D53B /* StockCell.xib */; };
		9F055BDA28FED1DA0088D53B /* DataModels.swift in Sources */ = {isa = PBXBuildFile; fileRef = 9F055BD928FED1DA0088D53B /* DataModels.swift */; };
		9F055BDE28FEE7D90088D53B /* MainStocksListDataHandler.swift in Sources */ = {isa = PBXBuildFile; fileRef = 9F055BDD28FEE7D90088D53B /* MainStocksListDataHandler.swift */; };
		9F055BE028FF00E50088D53B /* SearchViewController.swift in Sources */ = {isa = PBXBuildFile; fileRef = 9F055BDF28FF00E50088D53B /* SearchViewController.swift */; };
		9F055BE428FFCC230088D53B /* SearchStocksModel.swift in Sources */ = {isa = PBXBuildFile; fileRef = 9F055BE328FFCC230088D53B /* SearchStocksModel.swift */; };
		9F055BE828FFD4750088D53B /* Protocols.swift in Sources */ = {isa = PBXBuildFile; fileRef = 9F055BE728FFD4750088D53B /* Protocols.swift */; };
		9F055BEA28FFD83A0088D53B /* SearchCell.swift in Sources */ = {isa = PBXBuildFile; fileRef = 9F055BE928FFD83A0088D53B /* SearchCell.swift */; };
		9F055BEE290037BC0088D53B /* SearchedStocksDataHandler.swift in Sources */ = {isa = PBXBuildFile; fileRef = 9F055BED290037BC0088D53B /* SearchedStocksDataHandler.swift */; };
		9F055BF0290049400088D53B /* StockDetailsVC.swift in Sources */ = {isa = PBXBuildFile; fileRef = 9F055BEF290049400088D53B /* StockDetailsVC.swift */; };
		9F055BF2290049570088D53B /* StockDetailsVC.storyboard in Resources */ = {isa = PBXBuildFile; fileRef = 9F055BF1290049570088D53B /* StockDetailsVC.storyboard */; };
		9F055BF52900542F0088D53B /* StockDetailsModel.swift in Sources */ = {isa = PBXBuildFile; fileRef = 9F055BF42900542F0088D53B /* StockDetailsModel.swift */; };
		9F2FCEEE2920EFDF003C8351 /* DataFetcherService.swift in Sources */ = {isa = PBXBuildFile; fileRef = 9F2FCEED2920EFDF003C8351 /* DataFetcherService.swift */; };
		9F2FCEF02920EFEA003C8351 /* NetworkDataFetcher.swift in Sources */ = {isa = PBXBuildFile; fileRef = 9F2FCEEF2920EFEA003C8351 /* NetworkDataFetcher.swift */; };
		9F2FCEF22920EFF4003C8351 /* NetworkService.swift in Sources */ = {isa = PBXBuildFile; fileRef = 9F2FCEF12920EFF4003C8351 /* NetworkService.swift */; };
		9F4E69BF292A5AE500F55AA0 /* TestVC.swift in Sources */ = {isa = PBXBuildFile; fileRef = 9F4E69BE292A5AE500F55AA0 /* TestVC.swift */; };
		9F4E69C1292A5BE500F55AA0 /* NewsModel.swift in Sources */ = {isa = PBXBuildFile; fileRef = 9F4E69C0292A5BE500F55AA0 /* NewsModel.swift */; };
		9F4E69C3292A74BE00F55AA0 /* StockImageHandler.swift in Sources */ = {isa = PBXBuildFile; fileRef = 9F4E69C2292A74BE00F55AA0 /* StockImageHandler.swift */; };
		9FE8A9272906D6F900AA3442 /* DataStorageManager.swift in Sources */ = {isa = PBXBuildFile; fileRef = 9FE8A9262906D6F900AA3442 /* DataStorageManager.swift */; };
		A4538E1327E70E97336A504F /* Pods_My_Stocks.framework in Frameworks */ = {isa = PBXBuildFile; fileRef = 845DE6BD2ED9903DAE0289DD /* Pods_My_Stocks.framework */; };
/* End PBXBuildFile section */

/* Begin PBXFileReference section */
		5F2698B03D1965DD700861EC /* Pods-My Stocks.release.xcconfig */ = {isa = PBXFileReference; includeInIndex = 1; lastKnownFileType = text.xcconfig; name = "Pods-My Stocks.release.xcconfig"; path = "Target Support Files/Pods-My Stocks/Pods-My Stocks.release.xcconfig"; sourceTree = "<group>"; };
		845DE6BD2ED9903DAE0289DD /* Pods_My_Stocks.framework */ = {isa = PBXFileReference; explicitFileType = wrapper.framework; includeInIndex = 0; path = Pods_My_Stocks.framework; sourceTree = BUILT_PRODUCTS_DIR; };
		9F055BB028FEBCB20088D53B /* My Stocks.app */ = {isa = PBXFileReference; explicitFileType = wrapper.application; includeInIndex = 0; path = "My Stocks.app"; sourceTree = BUILT_PRODUCTS_DIR; };
		9F055BB328FEBCB20088D53B /* AppDelegate.swift */ = {isa = PBXFileReference; lastKnownFileType = sourcecode.swift; path = AppDelegate.swift; sourceTree = "<group>"; };
		9F055BB528FEBCB20088D53B /* SceneDelegate.swift */ = {isa = PBXFileReference; lastKnownFileType = sourcecode.swift; path = SceneDelegate.swift; sourceTree = "<group>"; };
		9F055BBC28FEBCB30088D53B /* Assets.xcassets */ = {isa = PBXFileReference; lastKnownFileType = folder.assetcatalog; path = Assets.xcassets; sourceTree = "<group>"; };
		9F055BBF28FEBCB30088D53B /* Base */ = {isa = PBXFileReference; lastKnownFileType = file.storyboard; name = Base; path = Base.lproj/LaunchScreen.storyboard; sourceTree = "<group>"; };
		9F055BC128FEBCB30088D53B /* Info.plist */ = {isa = PBXFileReference; lastKnownFileType = text.plist.xml; path = Info.plist; sourceTree = "<group>"; };
		9F055BC728FEBDA80088D53B /* MainTabBarController.swift */ = {isa = PBXFileReference; lastKnownFileType = sourcecode.swift; path = MainTabBarController.swift; sourceTree = "<group>"; };
		9F055BCA28FEBF240088D53B /* Extensions.swift */ = {isa = PBXFileReference; lastKnownFileType = sourcecode.swift; path = Extensions.swift; sourceTree = "<group>"; };
		9F055BCC28FEBFF50088D53B /* StocksViewController.swift */ = {isa = PBXFileReference; lastKnownFileType = sourcecode.swift; path = StocksViewController.swift; sourceTree = "<group>"; };
		9F055BCE28FEC0020088D53B /* StocksViewController.storyboard */ = {isa = PBXFileReference; lastKnownFileType = file.storyboard; path = StocksViewController.storyboard; sourceTree = "<group>"; };
		9F055BD028FEC04A0088D53B /* FavoriteViewController.swift */ = {isa = PBXFileReference; lastKnownFileType = sourcecode.swift; path = FavoriteViewController.swift; sourceTree = "<group>"; };
		9F055BD228FEC0840088D53B /* FavoriteViewController.storyboard */ = {isa = PBXFileReference; lastKnownFileType = file.storyboard; path = FavoriteViewController.storyboard; sourceTree = "<group>"; };
		9F055BD428FEC5B40088D53B /* StockCell.swift */ = {isa = PBXFileReference; lastKnownFileType = sourcecode.swift; path = StockCell.swift; sourceTree = "<group>"; };
		9F055BD528FEC5B40088D53B /* StockCell.xib */ = {isa = PBXFileReference; lastKnownFileType = file.xib; path = StockCell.xib; sourceTree = "<group>"; };
		9F055BD928FED1DA0088D53B /* DataModels.swift */ = {isa = PBXFileReference; lastKnownFileType = sourcecode.swift; path = DataModels.swift; sourceTree = "<group>"; };
		9F055BDD28FEE7D90088D53B /* MainStocksListDataHandler.swift */ = {isa = PBXFileReference; lastKnownFileType = sourcecode.swift; path = MainStocksListDataHandler.swift; sourceTree = "<group>"; };
		9F055BDF28FF00E50088D53B /* SearchViewController.swift */ = {isa = PBXFileReference; lastKnownFileType = sourcecode.swift; path = SearchViewController.swift; sourceTree = "<group>"; };
		9F055BE328FFCC230088D53B /* SearchStocksModel.swift */ = {isa = PBXFileReference; lastKnownFileType = sourcecode.swift; path = SearchStocksModel.swift; sourceTree = "<group>"; };
		9F055BE728FFD4750088D53B /* Protocols.swift */ = {isa = PBXFileReference; lastKnownFileType = sourcecode.swift; path = Protocols.swift; sourceTree = "<group>"; };
		9F055BE928FFD83A0088D53B /* SearchCell.swift */ = {isa = PBXFileReference; lastKnownFileType = sourcecode.swift; path = SearchCell.swift; sourceTree = "<group>"; };
		9F055BED290037BC0088D53B /* SearchedStocksDataHandler.swift */ = {isa = PBXFileReference; lastKnownFileType = sourcecode.swift; path = SearchedStocksDataHandler.swift; sourceTree = "<group>"; };
		9F055BEF290049400088D53B /* StockDetailsVC.swift */ = {isa = PBXFileReference; lastKnownFileType = sourcecode.swift; path = StockDetailsVC.swift; sourceTree = "<group>"; };
		9F055BF1290049570088D53B /* StockDetailsVC.storyboard */ = {isa = PBXFileReference; lastKnownFileType = file.storyboard; path = StockDetailsVC.storyboard; sourceTree = "<group>"; };
		9F055BF42900542F0088D53B /* StockDetailsModel.swift */ = {isa = PBXFileReference; lastKnownFileType = sourcecode.swift; path = StockDetailsModel.swift; sourceTree = "<group>"; };
		9F2FCEED2920EFDF003C8351 /* DataFetcherService.swift */ = {isa = PBXFileReference; lastKnownFileType = sourcecode.swift; path = DataFetcherService.swift; sourceTree = "<group>"; };
		9F2FCEEF2920EFEA003C8351 /* NetworkDataFetcher.swift */ = {isa = PBXFileReference; lastKnownFileType = sourcecode.swift; path = NetworkDataFetcher.swift; sourceTree = "<group>"; };
		9F2FCEF12920EFF4003C8351 /* NetworkService.swift */ = {isa = PBXFileReference; lastKnownFileType = sourcecode.swift; path = NetworkService.swift; sourceTree = "<group>"; };
		9F4E69BE292A5AE500F55AA0 /* TestVC.swift */ = {isa = PBXFileReference; lastKnownFileType = sourcecode.swift; path = TestVC.swift; sourceTree = "<group>"; };
		9F4E69C0292A5BE500F55AA0 /* NewsModel.swift */ = {isa = PBXFileReference; lastKnownFileType = sourcecode.swift; path = NewsModel.swift; sourceTree = "<group>"; };
		9F4E69C2292A74BE00F55AA0 /* StockImageHandler.swift */ = {isa = PBXFileReference; lastKnownFileType = sourcecode.swift; path = StockImageHandler.swift; sourceTree = "<group>"; };
		9FE8A9262906D6F900AA3442 /* DataStorageManager.swift */ = {isa = PBXFileReference; lastKnownFileType = sourcecode.swift; path = DataStorageManager.swift; sourceTree = "<group>"; };
		CA1A3504C6DFC8DC20EF84B4 /* Pods-My Stocks.debug.xcconfig */ = {isa = PBXFileReference; includeInIndex = 1; lastKnownFileType = text.xcconfig; name = "Pods-My Stocks.debug.xcconfig"; path = "Target Support Files/Pods-My Stocks/Pods-My Stocks.debug.xcconfig"; sourceTree = "<group>"; };
/* End PBXFileReference section */

/* Begin PBXFrameworksBuildPhase section */
		9F055BAD28FEBCB20088D53B /* Frameworks */ = {
			isa = PBXFrameworksBuildPhase;
			buildActionMask = 2147483647;
			files = (
				A4538E1327E70E97336A504F /* Pods_My_Stocks.framework in Frameworks */,
			);
			runOnlyForDeploymentPostprocessing = 0;
		};
/* End PBXFrameworksBuildPhase section */

/* Begin PBXGroup section */
		266FEA415E7BB5E7840F6D57 /* Frameworks */ = {
			isa = PBXGroup;
			children = (
				845DE6BD2ED9903DAE0289DD /* Pods_My_Stocks.framework */,
			);
			name = Frameworks;
			sourceTree = "<group>";
		};
		344F7F27A65C3FF3103EC41B /* Pods */ = {
			isa = PBXGroup;
			children = (
				CA1A3504C6DFC8DC20EF84B4 /* Pods-My Stocks.debug.xcconfig */,
				5F2698B03D1965DD700861EC /* Pods-My Stocks.release.xcconfig */,
			);
			path = Pods;
			sourceTree = "<group>";
		};
		9F055BA728FEBCB20088D53B = {
			isa = PBXGroup;
			children = (
				9F055BB228FEBCB20088D53B /* My Stocks */,
				9F055BB128FEBCB20088D53B /* Products */,
				344F7F27A65C3FF3103EC41B /* Pods */,
				266FEA415E7BB5E7840F6D57 /* Frameworks */,
			);
			sourceTree = "<group>";
		};
		9F055BB128FEBCB20088D53B /* Products */ = {
			isa = PBXGroup;
			children = (
				9F055BB028FEBCB20088D53B /* My Stocks.app */,
			);
			name = Products;
			sourceTree = "<group>";
		};
		9F055BB228FEBCB20088D53B /* My Stocks */ = {
			isa = PBXGroup;
			children = (
				9F055BB328FEBCB20088D53B /* AppDelegate.swift */,
				9F055BB528FEBCB20088D53B /* SceneDelegate.swift */,
				9FE8A9232906BA2400AA3442 /* Views */,
				9FE8A9222906BA0A00AA3442 /* Controllers */,
				9F055BD828FED1BB0088D53B /* Services */,
				9F055BC928FEBF030088D53B /* Extensions&Protocols */,
				9F055BBC28FEBCB30088D53B /* Assets.xcassets */,
				9F055BBE28FEBCB30088D53B /* LaunchScreen.storyboard */,
				9F055BC128FEBCB30088D53B /* Info.plist */,
			);
			path = "My Stocks";
			sourceTree = "<group>";
		};
		9F055BC928FEBF030088D53B /* Extensions&Protocols */ = {
			isa = PBXGroup;
			children = (
				9F055BCA28FEBF240088D53B /* Extensions.swift */,
				9F055BE728FFD4750088D53B /* Protocols.swift */,
				9FE8A9262906D6F900AA3442 /* DataStorageManager.swift */,
			);
			path = "Extensions&Protocols";
			sourceTree = "<group>";
		};
		9F055BD828FED1BB0088D53B /* Services */ = {
			isa = PBXGroup;
			children = (
				9F055BE128FFCBE10088D53B /* Presenters */,
				9F2FCEEC2920EFA1003C8351 /* Networking */,
			);
			path = Services;
			sourceTree = "<group>";
		};
		9F055BE128FFCBE10088D53B /* Presenters */ = {
			isa = PBXGroup;
			children = (
				9F055BDD28FEE7D90088D53B /* MainStocksListDataHandler.swift */,
				9F055BED290037BC0088D53B /* SearchedStocksDataHandler.swift */,
				9F4E69C2292A74BE00F55AA0 /* StockImageHandler.swift */,
			);
			path = Presenters;
			sourceTree = "<group>";
		};
		9F2FCEEB2920EF34003C8351 /* Data models */ = {
			isa = PBXGroup;
			children = (
				9F055BD928FED1DA0088D53B /* DataModels.swift */,
				9F055BE328FFCC230088D53B /* SearchStocksModel.swift */,
				9F055BF42900542F0088D53B /* StockDetailsModel.swift */,
				9F4E69C0292A5BE500F55AA0 /* NewsModel.swift */,
			);
			path = "Data models";
			sourceTree = "<group>";
		};
		9F2FCEEC2920EFA1003C8351 /* Networking */ = {
			isa = PBXGroup;
			children = (
				9F2FCEED2920EFDF003C8351 /* DataFetcherService.swift */,
				9F2FCEEF2920EFEA003C8351 /* NetworkDataFetcher.swift */,
				9F2FCEF12920EFF4003C8351 /* NetworkService.swift */,
				9F2FCEEB2920EF34003C8351 /* Data models */,
			);
			path = Networking;
			sourceTree = "<group>";
		};
		9FE8A9222906BA0A00AA3442 /* Controllers */ = {
			isa = PBXGroup;
			children = (
				9F055BC728FEBDA80088D53B /* MainTabBarController.swift */,
				9F055BCC28FEBFF50088D53B /* StocksViewController.swift */,
				9F055BDF28FF00E50088D53B /* SearchViewController.swift */,
				9F055BD028FEC04A0088D53B /* FavoriteViewController.swift */,
				9F055BEF290049400088D53B /* StockDetailsVC.swift */,
			);
			path = Controllers;
			sourceTree = "<group>";
		};
		9FE8A9232906BA2400AA3442 /* Views */ = {
			isa = PBXGroup;
			children = (
				9F055BCE28FEC0020088D53B /* StocksViewController.storyboard */,
				9F055BD228FEC0840088D53B /* FavoriteViewController.storyboard */,
				9F055BF1290049570088D53B /* StockDetailsVC.storyboard */,
				9F4E69BE292A5AE500F55AA0 /* TestVC.swift */,
				9FE8A9242906BA4400AA3442 /* Cells */,
			);
			path = Views;
			sourceTree = "<group>";
		};
		9FE8A9242906BA4400AA3442 /* Cells */ = {
			isa = PBXGroup;
			children = (
				9F055BD428FEC5B40088D53B /* StockCell.swift */,
				9F055BD528FEC5B40088D53B /* StockCell.xib */,
				9F055BE928FFD83A0088D53B /* SearchCell.swift */,
			);
			path = Cells;
			sourceTree = "<group>";
		};
/* End PBXGroup section */

/* Begin PBXNativeTarget section */
		9F055BAF28FEBCB20088D53B /* My Stocks */ = {
			isa = PBXNativeTarget;
			buildConfigurationList = 9F055BC428FEBCB30088D53B /* Build configuration list for PBXNativeTarget "My Stocks" */;
			buildPhases = (
				FB57163E5B6AAC64BBBE7B2F /* [CP] Check Pods Manifest.lock */,
				9F055BAC28FEBCB20088D53B /* Sources */,
				9F055BAD28FEBCB20088D53B /* Frameworks */,
				9F055BAE28FEBCB20088D53B /* Resources */,
				51C35318DD7EB518EA8E9061 /* [CP] Embed Pods Frameworks */,
			);
			buildRules = (
			);
			dependencies = (
			);
			name = "My Stocks";
			productName = "My Stocks";
			productReference = 9F055BB028FEBCB20088D53B /* My Stocks.app */;
			productType = "com.apple.product-type.application";
		};
/* End PBXNativeTarget section */

/* Begin PBXProject section */
		9F055BA828FEBCB20088D53B /* Project object */ = {
			isa = PBXProject;
			attributes = {
				BuildIndependentTargetsInParallel = 1;
				LastSwiftUpdateCheck = 1340;
				LastUpgradeCheck = 1340;
				TargetAttributes = {
					9F055BAF28FEBCB20088D53B = {
						CreatedOnToolsVersion = 13.4.1;
					};
				};
			};
			buildConfigurationList = 9F055BAB28FEBCB20088D53B /* Build configuration list for PBXProject "My Stocks" */;
			compatibilityVersion = "Xcode 13.0";
			developmentRegion = en;
			hasScannedForEncodings = 0;
			knownRegions = (
				en,
				Base,
			);
			mainGroup = 9F055BA728FEBCB20088D53B;
			productRefGroup = 9F055BB128FEBCB20088D53B /* Products */;
			projectDirPath = "";
			projectRoot = "";
			targets = (
				9F055BAF28FEBCB20088D53B /* My Stocks */,
			);
		};
/* End PBXProject section */

/* Begin PBXResourcesBuildPhase section */
		9F055BAE28FEBCB20088D53B /* Resources */ = {
			isa = PBXResourcesBuildPhase;
			buildActionMask = 2147483647;
			files = (
				9F055BCF28FEC0020088D53B /* StocksViewController.storyboard in Resources */,
				9F055BD328FEC0840088D53B /* FavoriteViewController.storyboard in Resources */,
				9F055BD728FEC5B40088D53B /* StockCell.xib in Resources */,
				9F055BC028FEBCB30088D53B /* LaunchScreen.storyboard in Resources */,
				9F055BBD28FEBCB30088D53B /* Assets.xcassets in Resources */,
				9F055BF2290049570088D53B /* StockDetailsVC.storyboard in Resources */,
			);
			runOnlyForDeploymentPostprocessing = 0;
		};
/* End PBXResourcesBuildPhase section */

/* Begin PBXShellScriptBuildPhase section */
		51C35318DD7EB518EA8E9061 /* [CP] Embed Pods Frameworks */ = {
			isa = PBXShellScriptBuildPhase;
			buildActionMask = 2147483647;
			files = (
			);
			inputFileListPaths = (
				"${PODS_ROOT}/Target Support Files/Pods-My Stocks/Pods-My Stocks-frameworks-${CONFIGURATION}-input-files.xcfilelist",
			);
			name = "[CP] Embed Pods Frameworks";
			outputFileListPaths = (
				"${PODS_ROOT}/Target Support Files/Pods-My Stocks/Pods-My Stocks-frameworks-${CONFIGURATION}-output-files.xcfilelist",
			);
			runOnlyForDeploymentPostprocessing = 0;
			shellPath = /bin/sh;
			shellScript = "\"${PODS_ROOT}/Target Support Files/Pods-My Stocks/Pods-My Stocks-frameworks.sh\"\n";
			showEnvVarsInLog = 0;
		};
		FB57163E5B6AAC64BBBE7B2F /* [CP] Check Pods Manifest.lock */ = {
			isa = PBXShellScriptBuildPhase;
			buildActionMask = 2147483647;
			files = (
			);
			inputFileListPaths = (
			);
			inputPaths = (
				"${PODS_PODFILE_DIR_PATH}/Podfile.lock",
				"${PODS_ROOT}/Manifest.lock",
			);
			name = "[CP] Check Pods Manifest.lock";
			outputFileListPaths = (
			);
			outputPaths = (
				"$(DERIVED_FILE_DIR)/Pods-My Stocks-checkManifestLockResult.txt",
			);
			runOnlyForDeploymentPostprocessing = 0;
			shellPath = /bin/sh;
			shellScript = "diff \"${PODS_PODFILE_DIR_PATH}/Podfile.lock\" \"${PODS_ROOT}/Manifest.lock\" > /dev/null\nif [ $? != 0 ] ; then\n    # print error to STDERR\n    echo \"error: The sandbox is not in sync with the Podfile.lock. Run 'pod install' or update your CocoaPods installation.\" >&2\n    exit 1\nfi\n# This output is used by Xcode 'outputs' to avoid re-running this script phase.\necho \"SUCCESS\" > \"${SCRIPT_OUTPUT_FILE_0}\"\n";
			showEnvVarsInLog = 0;
		};
/* End PBXShellScriptBuildPhase section */

/* Begin PBXSourcesBuildPhase section */
		9F055BAC28FEBCB20088D53B /* Sources */ = {
			isa = PBXSourcesBuildPhase;
			buildActionMask = 2147483647;
			files = (
				9F055BB428FEBCB20088D53B /* AppDelegate.swift in Sources */,
				9F055BEA28FFD83A0088D53B /* SearchCell.swift in Sources */,
				9F2FCEF22920EFF4003C8351 /* NetworkService.swift in Sources */,
				9F055BE028FF00E50088D53B /* SearchViewController.swift in Sources */,
				9F055BDE28FEE7D90088D53B /* MainStocksListDataHandler.swift in Sources */,
				9F055BB628FEBCB20088D53B /* SceneDelegate.swift in Sources */,
				9F4E69C1292A5BE500F55AA0 /* NewsModel.swift in Sources */,
				9F055BF0290049400088D53B /* StockDetailsVC.swift in Sources */,
				9FE8A9272906D6F900AA3442 /* DataStorageManager.swift in Sources */,
				9F4E69C3292A74BE00F55AA0 /* StockImageHandler.swift in Sources */,
				9F055BD628FEC5B40088D53B /* StockCell.swift in Sources */,
				9F2FCEEE2920EFDF003C8351 /* DataFetcherService.swift in Sources */,
				9F055BE428FFCC230088D53B /* SearchStocksModel.swift in Sources */,
				9F055BC828FEBDA80088D53B /* MainTabBarController.swift in Sources */,
				9F055BCB28FEBF240088D53B /* Extensions.swift in Sources */,
				9F4E69BF292A5AE500F55AA0 /* TestVC.swift in Sources */,
				9F055BEE290037BC0088D53B /* SearchedStocksDataHandler.swift in Sources */,
				9F055BF52900542F0088D53B /* StockDetailsModel.swift in Sources */,
				9F2FCEF02920EFEA003C8351 /* NetworkDataFetcher.swift in Sources */,
				9F055BDA28FED1DA0088D53B /* DataModels.swift in Sources */,
				9F055BE828FFD4750088D53B /* Protocols.swift in Sources */,
				9F055BD128FEC04A0088D53B /* FavoriteViewController.swift in Sources */,
				9F055BCD28FEBFF50088D53B /* StocksViewController.swift in Sources */,
			);
			runOnlyForDeploymentPostprocessing = 0;
		};
/* End PBXSourcesBuildPhase section */

/* Begin PBXVariantGroup section */
		9F055BBE28FEBCB30088D53B /* LaunchScreen.storyboard */ = {
			isa = PBXVariantGroup;
			children = (
				9F055BBF28FEBCB30088D53B /* Base */,
			);
			name = LaunchScreen.storyboard;
			sourceTree = "<group>";
		};
/* End PBXVariantGroup section */

/* Begin XCBuildConfiguration section */
		9F055BC228FEBCB30088D53B /* Debug */ = {
			isa = XCBuildConfiguration;
			buildSettings = {
				ALWAYS_SEARCH_USER_PATHS = NO;
				CLANG_ANALYZER_NONNULL = YES;
				CLANG_ANALYZER_NUMBER_OBJECT_CONVERSION = YES_AGGRESSIVE;
				CLANG_CXX_LANGUAGE_STANDARD = "gnu++17";
				CLANG_ENABLE_MODULES = YES;
				CLANG_ENABLE_OBJC_ARC = YES;
				CLANG_ENABLE_OBJC_WEAK = YES;
				CLANG_WARN_BLOCK_CAPTURE_AUTORELEASING = YES;
				CLANG_WARN_BOOL_CONVERSION = YES;
				CLANG_WARN_COMMA = YES;
				CLANG_WARN_CONSTANT_CONVERSION = YES;
				CLANG_WARN_DEPRECATED_OBJC_IMPLEMENTATIONS = YES;
				CLANG_WARN_DIRECT_OBJC_ISA_USAGE = YES_ERROR;
				CLANG_WARN_DOCUMENTATION_COMMENTS = YES;
				CLANG_WARN_EMPTY_BODY = YES;
				CLANG_WARN_ENUM_CONVERSION = YES;
				CLANG_WARN_INFINITE_RECURSION = YES;
				CLANG_WARN_INT_CONVERSION = YES;
				CLANG_WARN_NON_LITERAL_NULL_CONVERSION = YES;
				CLANG_WARN_OBJC_IMPLICIT_RETAIN_SELF = YES;
				CLANG_WARN_OBJC_LITERAL_CONVERSION = YES;
				CLANG_WARN_OBJC_ROOT_CLASS = YES_ERROR;
				CLANG_WARN_QUOTED_INCLUDE_IN_FRAMEWORK_HEADER = YES;
				CLANG_WARN_RANGE_LOOP_ANALYSIS = YES;
				CLANG_WARN_STRICT_PROTOTYPES = YES;
				CLANG_WARN_SUSPICIOUS_MOVE = YES;
				CLANG_WARN_UNGUARDED_AVAILABILITY = YES_AGGRESSIVE;
				CLANG_WARN_UNREACHABLE_CODE = YES;
				CLANG_WARN__DUPLICATE_METHOD_MATCH = YES;
				COPY_PHASE_STRIP = NO;
				DEBUG_INFORMATION_FORMAT = dwarf;
				ENABLE_STRICT_OBJC_MSGSEND = YES;
				ENABLE_TESTABILITY = YES;
				GCC_C_LANGUAGE_STANDARD = gnu11;
				GCC_DYNAMIC_NO_PIC = NO;
				GCC_NO_COMMON_BLOCKS = YES;
				GCC_OPTIMIZATION_LEVEL = 0;
				GCC_PREPROCESSOR_DEFINITIONS = (
					"DEBUG=1",
					"$(inherited)",
				);
				GCC_WARN_64_TO_32_BIT_CONVERSION = YES;
				GCC_WARN_ABOUT_RETURN_TYPE = YES_ERROR;
				GCC_WARN_UNDECLARED_SELECTOR = YES;
				GCC_WARN_UNINITIALIZED_AUTOS = YES_AGGRESSIVE;
				GCC_WARN_UNUSED_FUNCTION = YES;
				GCC_WARN_UNUSED_VARIABLE = YES;
				IPHONEOS_DEPLOYMENT_TARGET = 15.5;
				MTL_ENABLE_DEBUG_INFO = INCLUDE_SOURCE;
				MTL_FAST_MATH = YES;
				ONLY_ACTIVE_ARCH = YES;
				SDKROOT = iphoneos;
				SWIFT_ACTIVE_COMPILATION_CONDITIONS = DEBUG;
				SWIFT_OPTIMIZATION_LEVEL = "-Onone";
			};
			name = Debug;
		};
		9F055BC328FEBCB30088D53B /* Release */ = {
			isa = XCBuildConfiguration;
			buildSettings = {
				ALWAYS_SEARCH_USER_PATHS = NO;
				CLANG_ANALYZER_NONNULL = YES;
				CLANG_ANALYZER_NUMBER_OBJECT_CONVERSION = YES_AGGRESSIVE;
				CLANG_CXX_LANGUAGE_STANDARD = "gnu++17";
				CLANG_ENABLE_MODULES = YES;
				CLANG_ENABLE_OBJC_ARC = YES;
				CLANG_ENABLE_OBJC_WEAK = YES;
				CLANG_WARN_BLOCK_CAPTURE_AUTORELEASING = YES;
				CLANG_WARN_BOOL_CONVERSION = YES;
				CLANG_WARN_COMMA = YES;
				CLANG_WARN_CONSTANT_CONVERSION = YES;
				CLANG_WARN_DEPRECATED_OBJC_IMPLEMENTATIONS = YES;
				CLANG_WARN_DIRECT_OBJC_ISA_USAGE = YES_ERROR;
				CLANG_WARN_DOCUMENTATION_COMMENTS = YES;
				CLANG_WARN_EMPTY_BODY = YES;
				CLANG_WARN_ENUM_CONVERSION = YES;
				CLANG_WARN_INFINITE_RECURSION = YES;
				CLANG_WARN_INT_CONVERSION = YES;
				CLANG_WARN_NON_LITERAL_NULL_CONVERSION = YES;
				CLANG_WARN_OBJC_IMPLICIT_RETAIN_SELF = YES;
				CLANG_WARN_OBJC_LITERAL_CONVERSION = YES;
				CLANG_WARN_OBJC_ROOT_CLASS = YES_ERROR;
				CLANG_WARN_QUOTED_INCLUDE_IN_FRAMEWORK_HEADER = YES;
				CLANG_WARN_RANGE_LOOP_ANALYSIS = YES;
				CLANG_WARN_STRICT_PROTOTYPES = YES;
				CLANG_WARN_SUSPICIOUS_MOVE = YES;
				CLANG_WARN_UNGUARDED_AVAILABILITY = YES_AGGRESSIVE;
				CLANG_WARN_UNREACHABLE_CODE = YES;
				CLANG_WARN__DUPLICATE_METHOD_MATCH = YES;
				COPY_PHASE_STRIP = NO;
				DEBUG_INFORMATION_FORMAT = "dwarf-with-dsym";
				ENABLE_NS_ASSERTIONS = NO;
				ENABLE_STRICT_OBJC_MSGSEND = YES;
				GCC_C_LANGUAGE_STANDARD = gnu11;
				GCC_NO_COMMON_BLOCKS = YES;
				GCC_WARN_64_TO_32_BIT_CONVERSION = YES;
				GCC_WARN_ABOUT_RETURN_TYPE = YES_ERROR;
				GCC_WARN_UNDECLARED_SELECTOR = YES;
				GCC_WARN_UNINITIALIZED_AUTOS = YES_AGGRESSIVE;
				GCC_WARN_UNUSED_FUNCTION = YES;
				GCC_WARN_UNUSED_VARIABLE = YES;
				IPHONEOS_DEPLOYMENT_TARGET = 15.5;
				MTL_ENABLE_DEBUG_INFO = NO;
				MTL_FAST_MATH = YES;
				SDKROOT = iphoneos;
				SWIFT_COMPILATION_MODE = wholemodule;
				SWIFT_OPTIMIZATION_LEVEL = "-O";
				VALIDATE_PRODUCT = YES;
			};
			name = Release;
		};
		9F055BC528FEBCB30088D53B /* Debug */ = {
			isa = XCBuildConfiguration;
			baseConfigurationReference = CA1A3504C6DFC8DC20EF84B4 /* Pods-My Stocks.debug.xcconfig */;
			buildSettings = {
				ASSETCATALOG_COMPILER_APPICON_NAME = AppIcon;
				ASSETCATALOG_COMPILER_GLOBAL_ACCENT_COLOR_NAME = AccentColor;
				CODE_SIGN_STYLE = Automatic;
				CURRENT_PROJECT_VERSION = 1;
				DEVELOPMENT_TEAM = 5WLZ293DXK;
				GENERATE_INFOPLIST_FILE = YES;
				INFOPLIST_FILE = "My Stocks/Info.plist";
				INFOPLIST_KEY_UIApplicationSupportsIndirectInputEvents = YES;
				INFOPLIST_KEY_UILaunchStoryboardName = LaunchScreen;
				INFOPLIST_KEY_UISupportedInterfaceOrientations = UIInterfaceOrientationPortrait;
				INFOPLIST_KEY_UISupportedInterfaceOrientations_iPad = "UIInterfaceOrientationPortrait UIInterfaceOrientationPortraitUpsideDown UIInterfaceOrientationLandscapeLeft UIInterfaceOrientationLandscapeRight";
				INFOPLIST_KEY_UISupportedInterfaceOrientations_iPhone = "UIInterfaceOrientationPortrait UIInterfaceOrientationLandscapeLeft UIInterfaceOrientationLandscapeRight";
				LD_RUNPATH_SEARCH_PATHS = (
					"$(inherited)",
					"@executable_path/Frameworks",
				);
				MARKETING_VERSION = 1.0;
				PRODUCT_BUNDLE_IDENTIFIER = "com.dmitry.My-Stocks";
				PRODUCT_NAME = "$(TARGET_NAME)";
				SWIFT_EMIT_LOC_STRINGS = YES;
				SWIFT_VERSION = 5.0;
				TARGETED_DEVICE_FAMILY = 1;
			};
			name = Debug;
		};
		9F055BC628FEBCB30088D53B /* Release */ = {
			isa = XCBuildConfiguration;
			baseConfigurationReference = 5F2698B03D1965DD700861EC /* Pods-My Stocks.release.xcconfig */;
			buildSettings = {
				ASSETCATALOG_COMPILER_APPICON_NAME = AppIcon;
				ASSETCATALOG_COMPILER_GLOBAL_ACCENT_COLOR_NAME = AccentColor;
				CODE_SIGN_STYLE = Automatic;
				CURRENT_PROJECT_VERSION = 1;
				DEVELOPMENT_TEAM = 5WLZ293DXK;
				GENERATE_INFOPLIST_FILE = YES;
				INFOPLIST_FILE = "My Stocks/Info.plist";
				INFOPLIST_KEY_UIApplicationSupportsIndirectInputEvents = YES;
				INFOPLIST_KEY_UILaunchStoryboardName = LaunchScreen;
				INFOPLIST_KEY_UISupportedInterfaceOrientations = UIInterfaceOrientationPortrait;
				INFOPLIST_KEY_UISupportedInterfaceOrientations_iPad = "UIInterfaceOrientationPortrait UIInterfaceOrientationPortraitUpsideDown UIInterfaceOrientationLandscapeLeft UIInterfaceOrientationLandscapeRight";
				INFOPLIST_KEY_UISupportedInterfaceOrientations_iPhone = "UIInterfaceOrientationPortrait UIInterfaceOrientationLandscapeLeft UIInterfaceOrientationLandscapeRight";
				LD_RUNPATH_SEARCH_PATHS = (
					"$(inherited)",
					"@executable_path/Frameworks",
				);
				MARKETING_VERSION = 1.0;
				PRODUCT_BUNDLE_IDENTIFIER = "com.dmitry.My-Stocks";
				PRODUCT_NAME = "$(TARGET_NAME)";
				SWIFT_EMIT_LOC_STRINGS = YES;
				SWIFT_VERSION = 5.0;
				TARGETED_DEVICE_FAMILY = 1;
			};
			name = Release;
		};
/* End XCBuildConfiguration section */

/* Begin XCConfigurationList section */
		9F055BAB28FEBCB20088D53B /* Build configuration list for PBXProject "My Stocks" */ = {
			isa = XCConfigurationList;
			buildConfigurations = (
				9F055BC228FEBCB30088D53B /* Debug */,
				9F055BC328FEBCB30088D53B /* Release */,
			);
			defaultConfigurationIsVisible = 0;
			defaultConfigurationName = Release;
		};
		9F055BC428FEBCB30088D53B /* Build configuration list for PBXNativeTarget "My Stocks" */ = {
			isa = XCConfigurationList;
			buildConfigurations = (
				9F055BC528FEBCB30088D53B /* Debug */,
				9F055BC628FEBCB30088D53B /* Release */,
			);
			defaultConfigurationIsVisible = 0;
			defaultConfigurationName = Release;
		};
/* End XCConfigurationList section */
	};
	rootObject = 9F055BA828FEBCB20088D53B /* Project object */;
}
